
Microsoft Visual Studio Solution File, Format Version 11.00
# Visual Web Developer Express 2010
Project("{FAE04EC0-301F-11D3-BF4B-00C04F79EFBC}") = "PlanetWrox.Ui", "PlanetWrox.Ui\PlanetWrox.Ui.csproj", "{256A1275-FF33-4B50-848B-BA65F9D64D3D}"
	ProjectSection(ProjectDependencies) = postProject
		{11D6728B-2889-46F5-A70B-73C8549583C4} = {11D6728B-2889-46F5-A70B-73C8549583C4}
	EndProjectSection
EndProject
Project("{FAE04EC0-301F-11D3-BF4B-00C04F79EFBC}") = "PlanetWrox.Service", "PlanetWrox.Service\PlanetWrox.Service.csproj", "{11D6728B-2889-46F5-A70B-73C8549583C4}"
EndProject
Global
	GlobalSection(SolutionConfigurationPlatforms) = preSolution
		Debug|Any CPU = Debug|Any CPU
		Release|Any CPU = Release|Any CPU
	EndGlobalSection
	GlobalSection(ProjectConfigurationPlatforms) = postSolution
		{256A1275-FF33-4B50-848B-BA65F9D64D3D}.Debug|Any CPU.ActiveCfg = Debug|Any CPU
		{256A1275-FF33-4B50-848B-BA65F9D64D3D}.Debug|Any CPU.Build.0 = Debug|Any CPU
		{256A1275-FF33-4B50-848B-BA65F9D64D3D}.Release|Any CPU.ActiveCfg = Release|Any CPU
		{256A1275-FF33-4B50-848B-BA65F9D64D3D}.Release|Any CPU.Build.0 = Release|Any CPU
		{11D6728B-2889-46F5-A70B-73C8549583C4}.Debug|Any CPU.ActiveCfg = Debug|Any CPU
		{11D6728B-2889-46F5-A70B-73C8549583C4}.Debug|Any CPU.Build.0 = Debug|Any CPU
		{11D6728B-2889-46F5-A70B-73C8549583C4}.Release|Any CPU.ActiveCfg = Release|Any CPU
		{11D6728B-2889-46F5-A70B-73C8549583C4}.Release|Any CPU.Build.0 = Release|Any CPU
	EndGlobalSection
	GlobalSection(SolutionProperties) = preSolution
		HideSolutionNode = FALSE
	EndGlobalSection
EndGlobal
